// !$*UTF8*$!
{
	archiveVersion = 1;
	classes = {
	};
	objectVersion = 46;
	objects = {

/* Begin PBXBuildFile section */
		146562661535BEE2007D5E49 /* Cocoa.framework in Frameworks */ = {isa = PBXBuildFile; fileRef = 146562651535BEE2007D5E49 /* Cocoa.framework */; };
		146562701535BEE2007D5E49 /* InfoPlist.strings in Resources */ = {isa = PBXBuildFile; fileRef = 1465626E1535BEE2007D5E49 /* InfoPlist.strings */; };
		146562721535BEE2007D5E49 /* main.m in Sources */ = {isa = PBXBuildFile; fileRef = 146562711535BEE2007D5E49 /* main.m */; };
		146562761535BEE2007D5E49 /* Credits.rtf in Resources */ = {isa = PBXBuildFile; fileRef = 146562741535BEE2007D5E49 /* Credits.rtf */; };
		146562791535BEE2007D5E49 /* WWDCAppDelegate.m in Sources */ = {isa = PBXBuildFile; fileRef = 146562781535BEE2007D5E49 /* WWDCAppDelegate.m */; };
		1465627C1535BEE2007D5E49 /* MainMenu.xib in Resources */ = {isa = PBXBuildFile; fileRef = 1465627A1535BEE2007D5E49 /* MainMenu.xib */; };
		146562B61535C96F007D5E49 /* WebKit.framework in Frameworks */ = {isa = PBXBuildFile; fileRef = 146562B51535C96F007D5E49 /* WebKit.framework */; };
/* End PBXBuildFile section */

/* Begin PBXFileReference section */
		146562611535BEE2007D5E49 /* WWDCChecker.app */ = {isa = PBXFileReference; explicitFileType = wrapper.application; includeInIndex = 0; path = WWDCChecker.app; sourceTree = BUILT_PRODUCTS_DIR; };
		146562651535BEE2007D5E49 /* Cocoa.framework */ = {isa = PBXFileReference; lastKnownFileType = wrapper.framework; name = Cocoa.framework; path = System/Library/Frameworks/Cocoa.framework; sourceTree = SDKROOT; };
		146562681535BEE2007D5E49 /* AppKit.framework */ = {isa = PBXFileReference; lastKnownFileType = wrapper.framework; name = AppKit.framework; path = System/Library/Frameworks/AppKit.framework; sourceTree = SDKROOT; };
		146562691535BEE2007D5E49 /* CoreData.framework */ = {isa = PBXFileReference; lastKnownFileType = wrapper.framework; name = CoreData.framework; path = System/Library/Frameworks/CoreData.framework; sourceTree = SDKROOT; };
		1465626A1535BEE2007D5E49 /* Foundation.framework */ = {isa = PBXFileReference; lastKnownFileType = wrapper.framework; name = Foundation.framework; path = System/Library/Frameworks/Foundation.framework; sourceTree = SDKROOT; };
		1465626D1535BEE2007D5E49 /* WWDCChecker-Info.plist */ = {isa = PBXFileReference; lastKnownFileType = text.plist.xml; path = "WWDCChecker-Info.plist"; sourceTree = "<group>"; };
		1465626F1535BEE2007D5E49 /* en */ = {isa = PBXFileReference; lastKnownFileType = text.plist.strings; name = en; path = en.lproj/InfoPlist.strings; sourceTree = "<group>"; };
		146562711535BEE2007D5E49 /* main.m */ = {isa = PBXFileReference; lastKnownFileType = sourcecode.c.objc; path = main.m; sourceTree = "<group>"; };
		146562731535BEE2007D5E49 /* WWDCChecker-Prefix.pch */ = {isa = PBXFileReference; lastKnownFileType = sourcecode.c.h; path = "WWDCChecker-Prefix.pch"; sourceTree = "<group>"; };
		146562751535BEE2007D5E49 /* en */ = {isa = PBXFileReference; lastKnownFileType = text.rtf; name = en; path = en.lproj/Credits.rtf; sourceTree = "<group>"; };
		146562771535BEE2007D5E49 /* WWDCAppDelegate.h */ = {isa = PBXFileReference; lastKnownFileType = sourcecode.c.h; path = WWDCAppDelegate.h; sourceTree = "<group>"; };
		146562781535BEE2007D5E49 /* WWDCAppDelegate.m */ = {isa = PBXFileReference; lastKnownFileType = sourcecode.c.objc; path = WWDCAppDelegate.m; sourceTree = "<group>"; };
		1465627B1535BEE2007D5E49 /* en */ = {isa = PBXFileReference; lastKnownFileType = file.xib; name = en; path = en.lproj/MainMenu.xib; sourceTree = "<group>"; };
		146562B51535C96F007D5E49 /* WebKit.framework */ = {isa = PBXFileReference; lastKnownFileType = wrapper.framework; name = WebKit.framework; path = System/Library/Frameworks/WebKit.framework; sourceTree = SDKROOT; };
/* End PBXFileReference section */

/* Begin PBXFrameworksBuildPhase section */
		1465625E1535BEE2007D5E49 /* Frameworks */ = {
			isa = PBXFrameworksBuildPhase;
			buildActionMask = 2147483647;
			files = (
				146562661535BEE2007D5E49 /* Cocoa.framework in Frameworks */,
				146562B61535C96F007D5E49 /* WebKit.framework in Frameworks */,
			);
			runOnlyForDeploymentPostprocessing = 0;
		};
/* End PBXFrameworksBuildPhase section */

/* Begin PBXGroup section */
		146562561535BEE2007D5E49 = {
			isa = PBXGroup;
			children = (
				1465626B1535BEE2007D5E49 /* WWDCChecker */,
				146562641535BEE2007D5E49 /* Frameworks */,
				146562621535BEE2007D5E49 /* Products */,
			);
			sourceTree = "<group>";
		};
		146562621535BEE2007D5E49 /* Products */ = {
			isa = PBXGroup;
			children = (
				146562611535BEE2007D5E49 /* WWDCChecker.app */,
			);
			name = Products;
			sourceTree = "<group>";
		};
		146562641535BEE2007D5E49 /* Frameworks */ = {
			isa = PBXGroup;
			children = (
				146562651535BEE2007D5E49 /* Cocoa.framework */,
				146562B51535C96F007D5E49 /* WebKit.framework */,
				146562671535BEE2007D5E49 /* Other Frameworks */,
			);
			name = Frameworks;
			sourceTree = "<group>";
		};
		146562671535BEE2007D5E49 /* Other Frameworks */ = {
			isa = PBXGroup;
			children = (
				146562681535BEE2007D5E49 /* AppKit.framework */,
				146562691535BEE2007D5E49 /* CoreData.framework */,
				1465626A1535BEE2007D5E49 /* Foundation.framework */,
			);
			name = "Other Frameworks";
			sourceTree = "<group>";
		};
		1465626B1535BEE2007D5E49 /* WWDCChecker */ = {
			isa = PBXGroup;
			children = (
				146562771535BEE2007D5E49 /* WWDCAppDelegate.h */,
				146562781535BEE2007D5E49 /* WWDCAppDelegate.m */,
				1465627A1535BEE2007D5E49 /* MainMenu.xib */,
				1465626C1535BEE2007D5E49 /* Supporting Files */,
			);
			path = WWDCChecker;
			sourceTree = "<group>";
		};
		1465626C1535BEE2007D5E49 /* Supporting Files */ = {
			isa = PBXGroup;
			children = (
				1465626D1535BEE2007D5E49 /* WWDCChecker-Info.plist */,
				1465626E1535BEE2007D5E49 /* InfoPlist.strings */,
				146562711535BEE2007D5E49 /* main.m */,
				146562731535BEE2007D5E49 /* WWDCChecker-Prefix.pch */,
				146562741535BEE2007D5E49 /* Credits.rtf */,
			);
			name = "Supporting Files";
			sourceTree = "<group>";
		};
/* End PBXGroup section */

/* Begin PBXNativeTarget section */
		146562601535BEE2007D5E49 /* WWDCChecker */ = {
			isa = PBXNativeTarget;
			buildConfigurationList = 1465627F1535BEE2007D5E49 /* Build configuration list for PBXNativeTarget "WWDCChecker" */;
			buildPhases = (
				1465625D1535BEE2007D5E49 /* Sources */,
				1465625E1535BEE2007D5E49 /* Frameworks */,
				1465625F1535BEE2007D5E49 /* Resources */,
			);
			buildRules = (
			);
			dependencies = (
			);
			name = WWDCChecker;
			productName = WWDCChecker;
			productReference = 146562611535BEE2007D5E49 /* WWDCChecker.app */;
			productType = "com.apple.product-type.application";
		};
/* End PBXNativeTarget section */

/* Begin PBXProject section */
		146562581535BEE2007D5E49 /* Project object */ = {
			isa = PBXProject;
			attributes = {
				CLASSPREFIX = WWDC;
				LastUpgradeCheck = 0430;
				ORGANIZATIONNAME = "Kishikawa Katsumi";
			};
			buildConfigurationList = 1465625B1535BEE2007D5E49 /* Build configuration list for PBXProject "WWDCCheckerMac" */;
			compatibilityVersion = "Xcode 3.2";
			developmentRegion = English;
			hasScannedForEncodings = 0;
			knownRegions = (
				en,
			);
			mainGroup = 146562561535BEE2007D5E49;
			productRefGroup = 146562621535BEE2007D5E49 /* Products */;
			projectDirPath = "";
			projectRoot = "";
			targets = (
				146562601535BEE2007D5E49 /* WWDCChecker */,
			);
		};
/* End PBXProject section */

/* Begin PBXResourcesBuildPhase section */
		1465625F1535BEE2007D5E49 /* Resources */ = {
			isa = PBXResourcesBuildPhase;
			buildActionMask = 2147483647;
			files = (
				146562701535BEE2007D5E49 /* InfoPlist.strings in Resources */,
				146562761535BEE2007D5E49 /* Credits.rtf in Resources */,
				1465627C1535BEE2007D5E49 /* MainMenu.xib in Resources */,
			);
			runOnlyForDeploymentPostprocessing = 0;
		};
/* End PBXResourcesBuildPhase section */

/* Begin PBXSourcesBuildPhase section */
		1465625D1535BEE2007D5E49 /* Sources */ = {
			isa = PBXSourcesBuildPhase;
			buildActionMask = 2147483647;
			files = (
				146562721535BEE2007D5E49 /* main.m in Sources */,
				146562791535BEE2007D5E49 /* WWDCAppDelegate.m in Sources */,
			);
			runOnlyForDeploymentPostprocessing = 0;
		};
/* End PBXSourcesBuildPhase section */

/* Begin PBXVariantGroup section */
		1465626E1535BEE2007D5E49 /* InfoPlist.strings */ = {
			isa = PBXVariantGroup;
			children = (
				1465626F1535BEE2007D5E49 /* en */,
			);
			name = InfoPlist.strings;
			sourceTree = "<group>";
		};
		146562741535BEE2007D5E49 /* Credits.rtf */ = {
			isa = PBXVariantGroup;
			children = (
				146562751535BEE2007D5E49 /* en */,
			);
			name = Credits.rtf;
			sourceTree = "<group>";
		};
		1465627A1535BEE2007D5E49 /* MainMenu.xib */ = {
			isa = PBXVariantGroup;
			children = (
				1465627B1535BEE2007D5E49 /* en */,
			);
			name = MainMenu.xib;
			sourceTree = "<group>";
		};
/* End PBXVariantGroup section */

/* Begin XCBuildConfiguration section */
		1465627D1535BEE2007D5E49 /* Debug */ = {
			isa = XCBuildConfiguration;
			buildSettings = {
				ALWAYS_SEARCH_USER_PATHS = NO;
				ARCHS = "$(ARCHS_STANDARD_64_BIT)";
				CLANG_ENABLE_OBJC_ARC = YES;
				COPY_PHASE_STRIP = NO;
				GCC_C_LANGUAGE_STANDARD = gnu99;
				GCC_DYNAMIC_NO_PIC = NO;
				GCC_ENABLE_OBJC_EXCEPTIONS = YES;
				GCC_OPTIMIZATION_LEVEL = 0;
				GCC_PREPROCESSOR_DEFINITIONS = (
					"DEBUG=1",
					"$(inherited)",
				);
				GCC_SYMBOLS_PRIVATE_EXTERN = NO;
				GCC_VERSION = com.apple.compilers.llvm.clang.1_0;
				GCC_WARN_64_TO_32_BIT_CONVERSION = YES;
				GCC_WARN_ABOUT_RETURN_TYPE = YES;
				GCC_WARN_UNINITIALIZED_AUTOS = YES;
				GCC_WARN_UNUSED_VARIABLE = YES;
				MACOSX_DEPLOYMENT_TARGET = 10.7;
				ONLY_ACTIVE_ARCH = YES;
				SDKROOT = macosx;
			};
			name = Debug;
		};
		1465627E1535BEE2007D5E49 /* Release */ = {
			isa = XCBuildConfiguration;
			buildSettings = {
				ALWAYS_SEARCH_USER_PATHS = NO;
				ARCHS = "$(ARCHS_STANDARD_64_BIT)";
				CLANG_ENABLE_OBJC_ARC = YES;
				COPY_PHASE_STRIP = YES;
				DEBUG_INFORMATION_FORMAT = "dwarf-with-dsym";
				GCC_C_LANGUAGE_STANDARD = gnu99;
				GCC_ENABLE_OBJC_EXCEPTIONS = YES;
				GCC_VERSION = com.apple.compilers.llvm.clang.1_0;
				GCC_WARN_64_TO_32_BIT_CONVERSION = YES;
				GCC_WARN_ABOUT_RETURN_TYPE = YES;
				GCC_WARN_UNINITIALIZED_AUTOS = YES;
				GCC_WARN_UNUSED_VARIABLE = YES;
				MACOSX_DEPLOYMENT_TARGET = 10.7;
				SDKROOT = macosx;
			};
			name = Release;
		};
		146562801535BEE2007D5E49 /* Debug */ = {
			isa = XCBuildConfiguration;
			buildSettings = {
				FRAMEWORK_SEARCH_PATHS = (
					"$(inherited)",
					"\"$(SRCROOT)/Vendor\"",
				);
				GCC_PRECOMPILE_PREFIX_HEADER = YES;
				GCC_PREFIX_HEADER = "WWDCChecker/WWDCChecker-Prefix.pch";
				INFOPLIST_FILE = "WWDCChecker/WWDCChecker-Info.plist";
				PRODUCT_NAME = "$(TARGET_NAME)";
				WRAPPER_EXTENSION = app;
			};
			name = Debug;
		};
		146562811535BEE2007D5E49 /* Release */ = {
			isa = XCBuildConfiguration;
			buildSettings = {
				FRAMEWORK_SEARCH_PATHS = (
					"$(inherited)",
					"\"$(SRCROOT)/Vendor\"",
				);
				GCC_PRECOMPILE_PREFIX_HEADER = YES;
				GCC_PREFIX_HEADER = "WWDCChecker/WWDCChecker-Prefix.pch";
				INFOPLIST_FILE = "WWDCChecker/WWDCChecker-Info.plist";
				PRODUCT_NAME = "$(TARGET_NAME)";
				WRAPPER_EXTENSION = app;
			};
			name = Release;
		};
/* End XCBuildConfiguration section */

/* Begin XCConfigurationList section */
		1465625B1535BEE2007D5E49 /* Build configuration list for PBXProject "WWDCCheckerMac" */ = {
			isa = XCConfigurationList;
			buildConfigurations = (
				1465627D1535BEE2007D5E49 /* Debug */,
				1465627E1535BEE2007D5E49 /* Release */,
			);
			defaultConfigurationIsVisible = 0;
			defaultConfigurationName = Release;
		};
		1465627F1535BEE2007D5E49 /* Build configuration list for PBXNativeTarget "WWDCChecker" */ = {
			isa = XCConfigurationList;
			buildConfigurations = (
				146562801535BEE2007D5E49 /* Debug */,
				146562811535BEE2007D5E49 /* Release */,
			);
			defaultConfigurationIsVisible = 0;
			defaultConfigurationName = Release;
		};
/* End XCConfigurationList section */
	};
	rootObject = 146562581535BEE2007D5E49 /* Project object */;
}
